// !$*UTF8*$!
{
	archiveVersion = 1;
	classes = {
	};
	objectVersion = 45;
	objects = {

/* Begin PBXBuildFile section */
		1D3623260D0F684500981E51 /* ProjectBluePointAppDelegate.m in Sources */ = {isa = PBXBuildFile; fileRef = 1D3623250D0F684500981E51 /* ProjectBluePointAppDelegate.m */; };
		1D60589B0D05DD56006BFB54 /* main.m in Sources */ = {isa = PBXBuildFile; fileRef = 29B97316FDCFA39411CA2CEA /* main.m */; };
		1D60589F0D05DD5A006BFB54 /* Foundation.framework in Frameworks */ = {isa = PBXBuildFile; fileRef = 1D30AB110D05D00D00671497 /* Foundation.framework */; };
		1DF5F4E00D08C38300B7A737 /* UIKit.framework in Frameworks */ = {isa = PBXBuildFile; fileRef = 1DF5F4DF0D08C38300B7A737 /* UIKit.framework */; };
		288765FD0DF74451002DB57D /* CoreGraphics.framework in Frameworks */ = {isa = PBXBuildFile; fileRef = 288765FC0DF74451002DB57D /* CoreGraphics.framework */; };
		28AD733F0D9D9553002E5188 /* MainWindow.xib in Resources */ = {isa = PBXBuildFile; fileRef = 28AD733E0D9D9553002E5188 /* MainWindow.xib */; };
		DDA0CE6712F2BB4E00F61311 /* LoginViewController.m in Sources */ = {isa = PBXBuildFile; fileRef = DDA0CE6512F2BB4E00F61311 /* LoginViewController.m */; };
		DDA0CE6812F2BB4E00F61311 /* LoginViewController.xib in Resources */ = {isa = PBXBuildFile; fileRef = DDA0CE6612F2BB4E00F61311 /* LoginViewController.xib */; };
		DDA0CE9212F2C08D00F61311 /* icon.png in Resources */ = {isa = PBXBuildFile; fileRef = DDA0CE9112F2C08D00F61311 /* icon.png */; };
		DDA0CE9F12F2C0E300F61311 /* SplashScreen.m in Sources */ = {isa = PBXBuildFile; fileRef = DDA0CE9D12F2C0E300F61311 /* SplashScreen.m */; };
		DDA0CEA012F2C0E300F61311 /* SplashScreen.xib in Resources */ = {isa = PBXBuildFile; fileRef = DDA0CE9E12F2C0E300F61311 /* SplashScreen.xib */; };
		DDA0CEA812F2C12A00F61311 /* Default.png in Resources */ = {isa = PBXBuildFile; fileRef = DDA0CEA712F2C12A00F61311 /* Default.png */; };
		DDA0CEFB12F2D5D000F61311 /* logo.png in Resources */ = {isa = PBXBuildFile; fileRef = DDA0CEFA12F2D5D000F61311 /* logo.png */; };
		DDAF43A112F969CA00789E7F /* StartRegistrationViewController.m in Sources */ = {isa = PBXBuildFile; fileRef = DDAF439F12F969CA00789E7F /* StartRegistrationViewController.m */; };
		DDAF43A212F969CA00789E7F /* StartRegistrationViewController.xib in Resources */ = {isa = PBXBuildFile; fileRef = DDAF43A012F969CA00789E7F /* StartRegistrationViewController.xib */; };
		DDAF43B212F96DD800789E7F /* SaveTheFieldController.m in Sources */ = {isa = PBXBuildFile; fileRef = DDAF43B112F96DD800789E7F /* SaveTheFieldController.m */; };
		DDAF445F12F9712800789E7F /* Reachability.m in Sources */ = {isa = PBXBuildFile; fileRef = DDAF444A12F9712800789E7F /* Reachability.m */; };
		DDAF446012F9712800789E7F /* ASIHTTPRequest.m in Sources */ = {isa = PBXBuildFile; fileRef = DDAF444C12F9712800789E7F /* ASIHTTPRequest.m */; };
		DDAF446112F9712800789E7F /* ASIFormDataRequest.m in Sources */ = {isa = PBXBuildFile; fileRef = DDAF444E12F9712800789E7F /* ASIFormDataRequest.m */; };
		DDAF446212F9712800789E7F /* ASIAuthenticationDialog.m in Sources */ = {isa = PBXBuildFile; fileRef = DDAF445412F9712800789E7F /* ASIAuthenticationDialog.m */; };
		DDAF446312F9712800789E7F /* ASIInputStream.m in Sources */ = {isa = PBXBuildFile; fileRef = DDAF445612F9712800789E7F /* ASIInputStream.m */; };
		DDAF446412F9712800789E7F /* ASINetworkQueue.m in Sources */ = {isa = PBXBuildFile; fileRef = DDAF445812F9712800789E7F /* ASINetworkQueue.m */; };
		DDAF446512F9712800789E7F /* ASIDownloadCache.m in Sources */ = {isa = PBXBuildFile; fileRef = DDAF445A12F9712800789E7F /* ASIDownloadCache.m */; };
		DDAF446612F9712800789E7F /* ASIDataDecompressor.m in Sources */ = {isa = PBXBuildFile; fileRef = DDAF445C12F9712800789E7F /* ASIDataDecompressor.m */; };
		DDAF446712F9712800789E7F /* ASIDataCompressor.m in Sources */ = {isa = PBXBuildFile; fileRef = DDAF445E12F9712800789E7F /* ASIDataCompressor.m */; };
		DDAF447D12F9730C00789E7F /* AudioToolbox.framework in Frameworks */ = {isa = PBXBuildFile; fileRef = DDAF447C12F9730C00789E7F /* AudioToolbox.framework */; };
		DDAF447F12F9730C00789E7F /* AVFoundation.framework in Frameworks */ = {isa = PBXBuildFile; fileRef = DDAF447E12F9730C00789E7F /* AVFoundation.framework */; };
		DDAF448112F9730C00789E7F /* CFNetwork.framework in Frameworks */ = {isa = PBXBuildFile; fileRef = DDAF448012F9730C00789E7F /* CFNetwork.framework */; };
		DDAF448312F9730C00789E7F /* CoreAudio.framework in Frameworks */ = {isa = PBXBuildFile; fileRef = DDAF448212F9730C00789E7F /* CoreAudio.framework */; };
		DDAF448512F9730C00789E7F /* CoreMedia.framework in Frameworks */ = {isa = PBXBuildFile; fileRef = DDAF448412F9730C00789E7F /* CoreMedia.framework */; };
		DDAF448712F9730C00789E7F /* MediaPlayer.framework in Frameworks */ = {isa = PBXBuildFile; fileRef = DDAF448612F9730C00789E7F /* MediaPlayer.framework */; };
		DDAF448912F9730C00789E7F /* MobileCoreServices.framework in Frameworks */ = {isa = PBXBuildFile; fileRef = DDAF448812F9730C00789E7F /* MobileCoreServices.framework */; };
		DDAF448B12F9730C00789E7F /* Security.framework in Frameworks */ = {isa = PBXBuildFile; fileRef = DDAF448A12F9730C00789E7F /* Security.framework */; };
		DDAF448D12F9730C00789E7F /* SystemConfiguration.framework in Frameworks */ = {isa = PBXBuildFile; fileRef = DDAF448C12F9730C00789E7F /* SystemConfiguration.framework */; };
		DDAF448F12F9730C00789E7F /* libz.1.2.3.dylib in Frameworks */ = {isa = PBXBuildFile; fileRef = DDAF448E12F9730C00789E7F /* libz.1.2.3.dylib */; };
		DDAF459412F9866400789E7F /* CDataScanner.m in Sources */ = {isa = PBXBuildFile; fileRef = DDAF457E12F9866400789E7F /* CDataScanner.m */; };
		DDAF459512F9866400789E7F /* CDataScanner_Extensions.m in Sources */ = {isa = PBXBuildFile; fileRef = DDAF458212F9866400789E7F /* CDataScanner_Extensions.m */; };
		DDAF459612F9866400789E7F /* NSDictionary_JSONExtensions.m in Sources */ = {isa = PBXBuildFile; fileRef = DDAF458412F9866400789E7F /* NSDictionary_JSONExtensions.m */; };
		DDAF459712F9866400789E7F /* CFilteringJSONSerializer.m in Sources */ = {isa = PBXBuildFile; fileRef = DDAF458712F9866400789E7F /* CFilteringJSONSerializer.m */; };
		DDAF459812F9866400789E7F /* CJSONDeserializer_BlocksExtensions.m in Sources */ = {isa = PBXBuildFile; fileRef = DDAF458912F9866400789E7F /* CJSONDeserializer_BlocksExtensions.m */; };
		DDAF459912F9866400789E7F /* CJSONSerializedData.m in Sources */ = {isa = PBXBuildFile; fileRef = DDAF458B12F9866400789E7F /* CJSONSerializedData.m */; };
		DDAF459A12F9866400789E7F /* CJSONDeserializer.m in Sources */ = {isa = PBXBuildFile; fileRef = DDAF458E12F9866400789E7F /* CJSONDeserializer.m */; };
		DDAF459B12F9866400789E7F /* CJSONScanner.m in Sources */ = {isa = PBXBuildFile; fileRef = DDAF459012F9866400789E7F /* CJSONScanner.m */; };
		DDAF459C12F9866400789E7F /* CJSONSerializer.m in Sources */ = {isa = PBXBuildFile; fileRef = DDAF459212F9866400789E7F /* CJSONSerializer.m */; };
		DDAF45F012F98D7900789E7F /* SigningListViewController.m in Sources */ = {isa = PBXBuildFile; fileRef = DDAF45EE12F98D7900789E7F /* SigningListViewController.m */; };
		DDAF45F112F98D7900789E7F /* SigningListViewController.xib in Resources */ = {isa = PBXBuildFile; fileRef = DDAF45EF12F98D7900789E7F /* SigningListViewController.xib */; };
		DDBBEBF41300110E006D7629 /* SharedInstance.m in Sources */ = {isa = PBXBuildFile; fileRef = DDBBEBF31300110E006D7629 /* SharedInstance.m */; };
		DDBBEC1A13001D1C006D7629 /* AdverismentViewController.m in Sources */ = {isa = PBXBuildFile; fileRef = DDBBEC1813001D1C006D7629 /* AdverismentViewController.m */; };
		DDBBEC1B13001D1C006D7629 /* AdverismentViewController.xib in Resources */ = {isa = PBXBuildFile; fileRef = DDBBEC1913001D1C006D7629 /* AdverismentViewController.xib */; };
		DDE5E17812FAD1AE00FE00C5 /* MBProgressHUD.m in Sources */ = {isa = PBXBuildFile; fileRef = DDE5E17712FAD1AE00FE00C5 /* MBProgressHUD.m */; };
/* End PBXBuildFile section */

/* Begin PBXFileReference section */
		1D30AB110D05D00D00671497 /* Foundation.framework */ = {isa = PBXFileReference; lastKnownFileType = wrapper.framework; name = Foundation.framework; path = System/Library/Frameworks/Foundation.framework; sourceTree = SDKROOT; };
		1D3623240D0F684500981E51 /* ProjectBluePointAppDelegate.h */ = {isa = PBXFileReference; fileEncoding = 4; lastKnownFileType = sourcecode.c.h; path = ProjectBluePointAppDelegate.h; sourceTree = "<group>"; };
		1D3623250D0F684500981E51 /* ProjectBluePointAppDelegate.m */ = {isa = PBXFileReference; fileEncoding = 4; lastKnownFileType = sourcecode.c.objc; path = ProjectBluePointAppDelegate.m; sourceTree = "<group>"; };
		1D6058910D05DD3D006BFB54 /* ProjectBluePrint.app */ = {isa = PBXFileReference; explicitFileType = wrapper.application; includeInIndex = 0; path = ProjectBluePrint.app; sourceTree = BUILT_PRODUCTS_DIR; };
		1DF5F4DF0D08C38300B7A737 /* UIKit.framework */ = {isa = PBXFileReference; lastKnownFileType = wrapper.framework; name = UIKit.framework; path = System/Library/Frameworks/UIKit.framework; sourceTree = SDKROOT; };
		288765FC0DF74451002DB57D /* CoreGraphics.framework */ = {isa = PBXFileReference; lastKnownFileType = wrapper.framework; name = CoreGraphics.framework; path = System/Library/Frameworks/CoreGraphics.framework; sourceTree = SDKROOT; };
		28AD733E0D9D9553002E5188 /* MainWindow.xib */ = {isa = PBXFileReference; lastKnownFileType = file.xib; path = MainWindow.xib; sourceTree = "<group>"; };
		29B97316FDCFA39411CA2CEA /* main.m */ = {isa = PBXFileReference; fileEncoding = 4; lastKnownFileType = sourcecode.c.objc; path = main.m; sourceTree = "<group>"; };
		32CA4F630368D1EE00C91783 /* ProjectBluePrint_Prefix.pch */ = {isa = PBXFileReference; fileEncoding = 4; lastKnownFileType = sourcecode.c.h; path = ProjectBluePrint_Prefix.pch; sourceTree = "<group>"; };
		8D1107310486CEB800E47090 /* ProjectBluePrint-Info.plist */ = {isa = PBXFileReference; fileEncoding = 4; lastKnownFileType = text.plist.xml; path = "ProjectBluePrint-Info.plist"; plistStructureDefinitionIdentifier = "com.apple.xcode.plist.structure-definition.iphone.info-plist"; sourceTree = "<group>"; };
		DDA0CE6412F2BB4E00F61311 /* LoginViewController.h */ = {isa = PBXFileReference; fileEncoding = 4; lastKnownFileType = sourcecode.c.h; path = LoginViewController.h; sourceTree = "<group>"; };
		DDA0CE6512F2BB4E00F61311 /* LoginViewController.m */ = {isa = PBXFileReference; fileEncoding = 4; lastKnownFileType = sourcecode.c.objc; path = LoginViewController.m; sourceTree = "<group>"; };
		DDA0CE6612F2BB4E00F61311 /* LoginViewController.xib */ = {isa = PBXFileReference; lastKnownFileType = file.xib; path = LoginViewController.xib; sourceTree = "<group>"; };
		DDA0CE9112F2C08D00F61311 /* icon.png */ = {isa = PBXFileReference; lastKnownFileType = image.png; path = icon.png; sourceTree = "<group>"; };
		DDA0CE9C12F2C0E300F61311 /* SplashScreen.h */ = {isa = PBXFileReference; fileEncoding = 4; lastKnownFileType = sourcecode.c.h; path = SplashScreen.h; sourceTree = "<group>"; };
		DDA0CE9D12F2C0E300F61311 /* SplashScreen.m */ = {isa = PBXFileReference; fileEncoding = 4; lastKnownFileType = sourcecode.c.objc; path = SplashScreen.m; sourceTree = "<group>"; };
		DDA0CE9E12F2C0E300F61311 /* SplashScreen.xib */ = {isa = PBXFileReference; lastKnownFileType = file.xib; path = SplashScreen.xib; sourceTree = "<group>"; };
		DDA0CEA712F2C12A00F61311 /* Default.png */ = {isa = PBXFileReference; lastKnownFileType = image.png; path = Default.png; sourceTree = "<group>"; };
		DDA0CEFA12F2D5D000F61311 /* logo.png */ = {isa = PBXFileReference; lastKnownFileType = image.png; path = logo.png; sourceTree = "<group>"; };
		DDAF439E12F969CA00789E7F /* StartRegistrationViewController.h */ = {isa = PBXFileReference; fileEncoding = 4; lastKnownFileType = sourcecode.c.h; path = StartRegistrationViewController.h; sourceTree = "<group>"; };
		DDAF439F12F969CA00789E7F /* StartRegistrationViewController.m */ = {isa = PBXFileReference; fileEncoding = 4; lastKnownFileType = sourcecode.c.objc; path = StartRegistrationViewController.m; sourceTree = "<group>"; };
		DDAF43A012F969CA00789E7F /* StartRegistrationViewController.xib */ = {isa = PBXFileReference; lastKnownFileType = file.xib; path = StartRegistrationViewController.xib; sourceTree = "<group>"; };
		DDAF43B012F96DD800789E7F /* SaveTheFieldController.h */ = {isa = PBXFileReference; fileEncoding = 4; lastKnownFileType = sourcecode.c.h; path = SaveTheFieldController.h; sourceTree = "<group>"; };
		DDAF43B112F96DD800789E7F /* SaveTheFieldController.m */ = {isa = PBXFileReference; fileEncoding = 4; lastKnownFileType = sourcecode.c.objc; path = SaveTheFieldController.m; sourceTree = "<group>"; };
		DDAF444912F9712800789E7F /* Reachability.h */ = {isa = PBXFileReference; fileEncoding = 4; lastKnownFileType = sourcecode.c.h; path = Reachability.h; sourceTree = "<group>"; };
		DDAF444A12F9712800789E7F /* Reachability.m */ = {isa = PBXFileReference; fileEncoding = 4; lastKnownFileType = sourcecode.c.objc; path = Reachability.m; sourceTree = "<group>"; };
		DDAF444B12F9712800789E7F /* ASIHTTPRequest.h */ = {isa = PBXFileReference; fileEncoding = 4; lastKnownFileType = sourcecode.c.h; path = ASIHTTPRequest.h; sourceTree = "<group>"; };
		DDAF444C12F9712800789E7F /* ASIHTTPRequest.m */ = {isa = PBXFileReference; fileEncoding = 4; lastKnownFileType = sourcecode.c.objc; path = ASIHTTPRequest.m; sourceTree = "<group>"; };
		DDAF444D12F9712800789E7F /* ASIFormDataRequest.h */ = {isa = PBXFileReference; fileEncoding = 4; lastKnownFileType = sourcecode.c.h; path = ASIFormDataRequest.h; sourceTree = "<group>"; };
		DDAF444E12F9712800789E7F /* ASIFormDataRequest.m */ = {isa = PBXFileReference; fileEncoding = 4; lastKnownFileType = sourcecode.c.objc; path = ASIFormDataRequest.m; sourceTree = "<group>"; };
		DDAF444F12F9712800789E7F /* ASIHTTPRequestConfig.h */ = {isa = PBXFileReference; fileEncoding = 4; lastKnownFileType = sourcecode.c.h; path = ASIHTTPRequestConfig.h; sourceTree = "<group>"; };
		DDAF445012F9712800789E7F /* ASICacheDelegate.h */ = {isa = PBXFileReference; fileEncoding = 4; lastKnownFileType = sourcecode.c.h; path = ASICacheDelegate.h; sourceTree = "<group>"; };
		DDAF445112F9712800789E7F /* ASIHTTPRequestDelegate.h */ = {isa = PBXFileReference; fileEncoding = 4; lastKnownFileType = sourcecode.c.h; path = ASIHTTPRequestDelegate.h; sourceTree = "<group>"; };
		DDAF445212F9712800789E7F /* ASIProgressDelegate.h */ = {isa = PBXFileReference; fileEncoding = 4; lastKnownFileType = sourcecode.c.h; path = ASIProgressDelegate.h; sourceTree = "<group>"; };
		DDAF445312F9712800789E7F /* ASIAuthenticationDialog.h */ = {isa = PBXFileReference; fileEncoding = 4; lastKnownFileType = sourcecode.c.h; path = ASIAuthenticationDialog.h; sourceTree = "<group>"; };
		DDAF445412F9712800789E7F /* ASIAuthenticationDialog.m */ = {isa = PBXFileReference; fileEncoding = 4; lastKnownFileType = sourcecode.c.objc; path = ASIAuthenticationDialog.m; sourceTree = "<group>"; };
		DDAF445512F9712800789E7F /* ASIInputStream.h */ = {isa = PBXFileReference; fileEncoding = 4; lastKnownFileType = sourcecode.c.h; path = ASIInputStream.h; sourceTree = "<group>"; };
		DDAF445612F9712800789E7F /* ASIInputStream.m */ = {isa = PBXFileReference; fileEncoding = 4; lastKnownFileType = sourcecode.c.objc; path = ASIInputStream.m; sourceTree = "<group>"; };
		DDAF445712F9712800789E7F /* ASINetworkQueue.h */ = {isa = PBXFileReference; fileEncoding = 4; lastKnownFileType = sourcecode.c.h; path = ASINetworkQueue.h; sourceTree = "<group>"; };
		DDAF445812F9712800789E7F /* ASINetworkQueue.m */ = {isa = PBXFileReference; fileEncoding = 4; lastKnownFileType = sourcecode.c.objc; path = ASINetworkQueue.m; sourceTree = "<group>"; };
		DDAF445912F9712800789E7F /* ASIDownloadCache.h */ = {isa = PBXFileReference; fileEncoding = 4; lastKnownFileType = sourcecode.c.h; path = ASIDownloadCache.h; sourceTree = "<group>"; };
		DDAF445A12F9712800789E7F /* ASIDownloadCache.m */ = {isa = PBXFileReference; fileEncoding = 4; lastKnownFileType = sourcecode.c.objc; path = ASIDownloadCache.m; sourceTree = "<group>"; };
		DDAF445B12F9712800789E7F /* ASIDataDecompressor.h */ = {isa = PBXFileReference; fileEncoding = 4; lastKnownFileType = sourcecode.c.h; path = ASIDataDecompressor.h; sourceTree = "<group>"; };
		DDAF445C12F9712800789E7F /* ASIDataDecompressor.m */ = {isa = PBXFileReference; fileEncoding = 4; lastKnownFileType = sourcecode.c.objc; path = ASIDataDecompressor.m; sourceTree = "<group>"; };
		DDAF445D12F9712800789E7F /* ASIDataCompressor.h */ = {isa = PBXFileReference; fileEncoding = 4; lastKnownFileType = sourcecode.c.h; path = ASIDataCompressor.h; sourceTree = "<group>"; };
		DDAF445E12F9712800789E7F /* ASIDataCompressor.m */ = {isa = PBXFileReference; fileEncoding = 4; lastKnownFileType = sourcecode.c.objc; path = ASIDataCompressor.m; sourceTree = "<group>"; };
		DDAF446A12F971B500789E7F /* Global.h */ = {isa = PBXFileReference; fileEncoding = 4; lastKnownFileType = sourcecode.c.h; path = Global.h; sourceTree = "<group>"; };
		DDAF447C12F9730C00789E7F /* AudioToolbox.framework */ = {isa = PBXFileReference; lastKnownFileType = wrapper.framework; name = AudioToolbox.framework; path = System/Library/Frameworks/AudioToolbox.framework; sourceTree = SDKROOT; };
		DDAF447E12F9730C00789E7F /* AVFoundation.framework */ = {isa = PBXFileReference; lastKnownFileType = wrapper.framework; name = AVFoundation.framework; path = System/Library/Frameworks/AVFoundation.framework; sourceTree = SDKROOT; };
		DDAF448012F9730C00789E7F /* CFNetwork.framework */ = {isa = PBXFileReference; lastKnownFileType = wrapper.framework; name = CFNetwork.framework; path = System/Library/Frameworks/CFNetwork.framework; sourceTree = SDKROOT; };
		DDAF448212F9730C00789E7F /* CoreAudio.framework */ = {isa = PBXFileReference; lastKnownFileType = wrapper.framework; name = CoreAudio.framework; path = System/Library/Frameworks/CoreAudio.framework; sourceTree = SDKROOT; };
		DDAF448412F9730C00789E7F /* CoreMedia.framework */ = {isa = PBXFileReference; lastKnownFileType = wrapper.framework; name = CoreMedia.framework; path = System/Library/Frameworks/CoreMedia.framework; sourceTree = SDKROOT; };
		DDAF448612F9730C00789E7F /* MediaPlayer.framework */ = {isa = PBXFileReference; lastKnownFileType = wrapper.framework; name = MediaPlayer.framework; path = System/Library/Frameworks/MediaPlayer.framework; sourceTree = SDKROOT; };
		DDAF448812F9730C00789E7F /* MobileCoreServices.framework */ = {isa = PBXFileReference; lastKnownFileType = wrapper.framework; name = MobileCoreServices.framework; path = System/Library/Frameworks/MobileCoreServices.framework; sourceTree = SDKROOT; };
		DDAF448A12F9730C00789E7F /* Security.framework */ = {isa = PBXFileReference; lastKnownFileType = wrapper.framework; name = Security.framework; path = System/Library/Frameworks/Security.framework; sourceTree = SDKROOT; };
		DDAF448C12F9730C00789E7F /* SystemConfiguration.framework */ = {isa = PBXFileReference; lastKnownFileType = wrapper.framework; name = SystemConfiguration.framework; path = System/Library/Frameworks/SystemConfiguration.framework; sourceTree = SDKROOT; };
		DDAF448E12F9730C00789E7F /* libz.1.2.3.dylib */ = {isa = PBXFileReference; lastKnownFileType = "compiled.mach-o.dylib"; name = libz.1.2.3.dylib; path = usr/lib/libz.1.2.3.dylib; sourceTree = SDKROOT; };
		DDAF457E12F9866400789E7F /* CDataScanner.m */ = {isa = PBXFileReference; fileEncoding = 4; lastKnownFileType = sourcecode.c.objc; path = CDataScanner.m; sourceTree = "<group>"; };
		DDAF457F12F9866400789E7F /* CDataScanner.h */ = {isa = PBXFileReference; fileEncoding = 4; lastKnownFileType = sourcecode.c.h; path = CDataScanner.h; sourceTree = "<group>"; };
		DDAF458112F9866400789E7F /* CDataScanner_Extensions.h */ = {isa = PBXFileReference; fileEncoding = 4; lastKnownFileType = sourcecode.c.h; path = CDataScanner_Extensions.h; sourceTree = "<group>"; };
		DDAF458212F9866400789E7F /* CDataScanner_Extensions.m */ = {isa = PBXFileReference; fileEncoding = 4; lastKnownFileType = sourcecode.c.objc; path = CDataScanner_Extensions.m; sourceTree = "<group>"; };
		DDAF458312F9866400789E7F /* NSDictionary_JSONExtensions.h */ = {isa = PBXFileReference; fileEncoding = 4; lastKnownFileType = sourcecode.c.h; path = NSDictionary_JSONExtensions.h; sourceTree = "<group>"; };
		DDAF458412F9866400789E7F /* NSDictionary_JSONExtensions.m */ = {isa = PBXFileReference; fileEncoding = 4; lastKnownFileType = sourcecode.c.objc; path = NSDictionary_JSONExtensions.m; sourceTree = "<group>"; };
		DDAF458612F9866400789E7F /* CFilteringJSONSerializer.h */ = {isa = PBXFileReference; fileEncoding = 4; lastKnownFileType = sourcecode.c.h; path = CFilteringJSONSerializer.h; sourceTree = "<group>"; };
		DDAF458712F9866400789E7F /* CFilteringJSONSerializer.m */ = {isa = PBXFileReference; fileEncoding = 4; lastKnownFileType = sourcecode.c.objc; path = CFilteringJSONSerializer.m; sourceTree = "<group>"; };
		DDAF458812F9866400789E7F /* CJSONDeserializer_BlocksExtensions.h */ = {isa = PBXFileReference; fileEncoding = 4; lastKnownFileType = sourcecode.c.h; path = CJSONDeserializer_BlocksExtensions.h; sourceTree = "<group>"; };
		DDAF458912F9866400789E7F /* CJSONDeserializer_BlocksExtensions.m */ = {isa = PBXFileReference; fileEncoding = 4; lastKnownFileType = sourcecode.c.objc; path = CJSONDeserializer_BlocksExtensions.m; sourceTree = "<group>"; };
		DDAF458A12F9866400789E7F /* CJSONSerializedData.h */ = {isa = PBXFileReference; fileEncoding = 4; lastKnownFileType = sourcecode.c.h; path = CJSONSerializedData.h; sourceTree = "<group>"; };
		DDAF458B12F9866400789E7F /* CJSONSerializedData.m */ = {isa = PBXFileReference; fileEncoding = 4; lastKnownFileType = sourcecode.c.objc; path = CJSONSerializedData.m; sourceTree = "<group>"; };
		DDAF458D12F9866400789E7F /* CJSONDeserializer.h */ = {isa = PBXFileReference; fileEncoding = 4; lastKnownFileType = sourcecode.c.h; path = CJSONDeserializer.h; sourceTree = "<group>"; };
		DDAF458E12F9866400789E7F /* CJSONDeserializer.m */ = {isa = PBXFileReference; fileEncoding = 4; lastKnownFileType = sourcecode.c.objc; path = CJSONDeserializer.m; sourceTree = "<group>"; };
		DDAF458F12F9866400789E7F /* CJSONScanner.h */ = {isa = PBXFileReference; fileEncoding = 4; lastKnownFileType = sourcecode.c.h; path = CJSONScanner.h; sourceTree = "<group>"; };
		DDAF459012F9866400789E7F /* CJSONScanner.m */ = {isa = PBXFileReference; fileEncoding = 4; lastKnownFileType = sourcecode.c.objc; path = CJSONScanner.m; sourceTree = "<group>"; };
		DDAF459112F9866400789E7F /* CJSONSerializer.h */ = {isa = PBXFileReference; fileEncoding = 4; lastKnownFileType = sourcecode.c.h; path = CJSONSerializer.h; sourceTree = "<group>"; };
		DDAF459212F9866400789E7F /* CJSONSerializer.m */ = {isa = PBXFileReference; fileEncoding = 4; lastKnownFileType = sourcecode.c.objc; path = CJSONSerializer.m; sourceTree = "<group>"; };
		DDAF459312F9866400789E7F /* JSONRepresentation.h */ = {isa = PBXFileReference; fileEncoding = 4; lastKnownFileType = sourcecode.c.h; path = JSONRepresentation.h; sourceTree = "<group>"; };
		DDAF45ED12F98D7900789E7F /* SigningListViewController.h */ = {isa = PBXFileReference; fileEncoding = 4; lastKnownFileType = sourcecode.c.h; path = SigningListViewController.h; sourceTree = "<group>"; };
		DDAF45EE12F98D7900789E7F /* SigningListViewController.m */ = {isa = PBXFileReference; fileEncoding = 4; lastKnownFileType = sourcecode.c.objc; path = SigningListViewController.m; sourceTree = "<group>"; };
		DDAF45EF12F98D7900789E7F /* SigningListViewController.xib */ = {isa = PBXFileReference; lastKnownFileType = file.xib; path = SigningListViewController.xib; sourceTree = "<group>"; };
		DDBBEBF21300110E006D7629 /* SharedInstance.h */ = {isa = PBXFileReference; fileEncoding = 4; lastKnownFileType = sourcecode.c.h; path = SharedInstance.h; sourceTree = "<group>"; };
		DDBBEBF31300110E006D7629 /* SharedInstance.m */ = {isa = PBXFileReference; fileEncoding = 4; lastKnownFileType = sourcecode.c.objc; path = SharedInstance.m; sourceTree = "<group>"; };
		DDBBEC1713001D1C006D7629 /* AdverismentViewController.h */ = {isa = PBXFileReference; fileEncoding = 4; lastKnownFileType = sourcecode.c.h; path = AdverismentViewController.h; sourceTree = "<group>"; };
		DDBBEC1813001D1C006D7629 /* AdverismentViewController.m */ = {isa = PBXFileReference; fileEncoding = 4; lastKnownFileType = sourcecode.c.objc; path = AdverismentViewController.m; sourceTree = "<group>"; };
		DDBBEC1913001D1C006D7629 /* AdverismentViewController.xib */ = {isa = PBXFileReference; lastKnownFileType = file.xib; path = AdverismentViewController.xib; sourceTree = "<group>"; };
		DDE5E17612FAD1AE00FE00C5 /* MBProgressHUD.h */ = {isa = PBXFileReference; fileEncoding = 4; lastKnownFileType = sourcecode.c.h; path = MBProgressHUD.h; sourceTree = "<group>"; };
		DDE5E17712FAD1AE00FE00C5 /* MBProgressHUD.m */ = {isa = PBXFileReference; fileEncoding = 4; lastKnownFileType = sourcecode.c.objc; path = MBProgressHUD.m; sourceTree = "<group>"; };
/* End PBXFileReference section */

/* Begin PBXFrameworksBuildPhase section */
		1D60588F0D05DD3D006BFB54 /* Frameworks */ = {
			isa = PBXFrameworksBuildPhase;
			buildActionMask = 2147483647;
			files = (
				1D60589F0D05DD5A006BFB54 /* Foundation.framework in Frameworks */,
				1DF5F4E00D08C38300B7A737 /* UIKit.framework in Frameworks */,
				288765FD0DF74451002DB57D /* CoreGraphics.framework in Frameworks */,
				DDAF447D12F9730C00789E7F /* AudioToolbox.framework in Frameworks */,
				DDAF447F12F9730C00789E7F /* AVFoundation.framework in Frameworks */,
				DDAF448112F9730C00789E7F /* CFNetwork.framework in Frameworks */,
				DDAF448312F9730C00789E7F /* CoreAudio.framework in Frameworks */,
				DDAF448512F9730C00789E7F /* CoreMedia.framework in Frameworks */,
				DDAF448712F9730C00789E7F /* MediaPlayer.framework in Frameworks */,
				DDAF448912F9730C00789E7F /* MobileCoreServices.framework in Frameworks */,
				DDAF448B12F9730C00789E7F /* Security.framework in Frameworks */,
				DDAF448D12F9730C00789E7F /* SystemConfiguration.framework in Frameworks */,
				DDAF448F12F9730C00789E7F /* libz.1.2.3.dylib in Frameworks */,
			);
			runOnlyForDeploymentPostprocessing = 0;
		};
/* End PBXFrameworksBuildPhase section */

/* Begin PBXGroup section */
		080E96DDFE201D6D7F000001 /* Classes */ = {
			isa = PBXGroup;
			children = (
				DDE5E17912FAD1B400FE00C5 /* MBProgressHUD */,
				DDA0CE6C12F2BB6300F61311 /* AppDelegate */,
				DDA0CE6B12F2BB5200F61311 /* LoginViewController */,
				DDA0CEA112F2C0E700F61311 /* SplashViewController */,
				DDAF43A312F969CF00789E7F /* StarRegistrationViewController */,
				DDAF43B312F96DE100789E7F /* SaveTheFieldController */,
				DDAF45F212F98D7D00789E7F /* SigninListViewController */,
				DDAF446D12F971B900789E7F /* Global */,
				DDBBEBF11300110E006D7629 /* SharedInstance */,
				DDBBEC1C13001D1F006D7629 /* AdvertisementViewController */,
			);
			path = Classes;
			sourceTree = "<group>";
		};
		19C28FACFE9D520D11CA2CBB /* Products */ = {
			isa = PBXGroup;
			children = (
				1D6058910D05DD3D006BFB54 /* ProjectBluePrint.app */,
			);
			name = Products;
			sourceTree = "<group>";
		};
		29B97314FDCFA39411CA2CEA /* CustomTemplate */ = {
			isa = PBXGroup;
			children = (
				080E96DDFE201D6D7F000001 /* Classes */,
				29B97315FDCFA39411CA2CEA /* Other Sources */,
				29B97317FDCFA39411CA2CEA /* Resources */,
				29B97323FDCFA39411CA2CEA /* Frameworks */,
				19C28FACFE9D520D11CA2CBB /* Products */,
			);
			name = CustomTemplate;
			sourceTree = "<group>";
		};
		29B97315FDCFA39411CA2CEA /* Other Sources */ = {
			isa = PBXGroup;
			children = (
				DDAF459F12F9866C00789E7F /* CDdatatScanner */,
				DDAF458012F9866400789E7F /* Extensions */,
				DDAF458512F9866400789E7F /* Experimental */,
				DDAF458C12F9866400789E7F /* JSON */,
				DDAF446912F9713400789E7F /* ASIHTTPCall */,
				DDA0CE9312F2C09800F61311 /* Images */,
				32CA4F630368D1EE00C91783 /* ProjectBluePrint_Prefix.pch */,
				29B97316FDCFA39411CA2CEA /* main.m */,
			);
			name = "Other Sources";
			sourceTree = "<group>";
		};
		29B97317FDCFA39411CA2CEA /* Resources */ = {
			isa = PBXGroup;
			children = (
				28AD733E0D9D9553002E5188 /* MainWindow.xib */,
				8D1107310486CEB800E47090 /* ProjectBluePrint-Info.plist */,
			);
			name = Resources;
			sourceTree = "<group>";
		};
		29B97323FDCFA39411CA2CEA /* Frameworks */ = {
			isa = PBXGroup;
			children = (
				1DF5F4DF0D08C38300B7A737 /* UIKit.framework */,
				1D30AB110D05D00D00671497 /* Foundation.framework */,
				288765FC0DF74451002DB57D /* CoreGraphics.framework */,
				DDAF447C12F9730C00789E7F /* AudioToolbox.framework */,
				DDAF447E12F9730C00789E7F /* AVFoundation.framework */,
				DDAF448012F9730C00789E7F /* CFNetwork.framework */,
				DDAF448212F9730C00789E7F /* CoreAudio.framework */,
				DDAF448412F9730C00789E7F /* CoreMedia.framework */,
				DDAF448612F9730C00789E7F /* MediaPlayer.framework */,
				DDAF448812F9730C00789E7F /* MobileCoreServices.framework */,
				DDAF448A12F9730C00789E7F /* Security.framework */,
				DDAF448C12F9730C00789E7F /* SystemConfiguration.framework */,
				DDAF448E12F9730C00789E7F /* libz.1.2.3.dylib */,
			);
			name = Frameworks;
			sourceTree = "<group>";
		};
		DDA0CE6B12F2BB5200F61311 /* LoginViewController */ = {
			isa = PBXGroup;
			children = (
				DDA0CE6412F2BB4E00F61311 /* LoginViewController.h */,
				DDA0CE6512F2BB4E00F61311 /* LoginViewController.m */,
				DDA0CE6612F2BB4E00F61311 /* LoginViewController.xib */,
			);
			name = LoginViewController;
			sourceTree = "<group>";
		};
		DDA0CE6C12F2BB6300F61311 /* AppDelegate */ = {
			isa = PBXGroup;
			children = (
				1D3623240D0F684500981E51 /* ProjectBluePointAppDelegate.h */,
				1D3623250D0F684500981E51 /* ProjectBluePointAppDelegate.m */,
			);
			name = AppDelegate;
			sourceTree = "<group>";
		};
		DDA0CE9312F2C09800F61311 /* Images */ = {
			isa = PBXGroup;
			children = (
				DDA0CEFA12F2D5D000F61311 /* logo.png */,
				DDA0CEA712F2C12A00F61311 /* Default.png */,
				DDA0CE9112F2C08D00F61311 /* icon.png */,
			);
			name = Images;
			sourceTree = "<group>";
		};
		DDA0CEA112F2C0E700F61311 /* SplashViewController */ = {
			isa = PBXGroup;
			children = (
				DDA0CE9C12F2C0E300F61311 /* SplashScreen.h */,
				DDA0CE9D12F2C0E300F61311 /* SplashScreen.m */,
				DDA0CE9E12F2C0E300F61311 /* SplashScreen.xib */,
			);
			name = SplashViewController;
			sourceTree = "<group>";
		};
		DDAF43A312F969CF00789E7F /* StarRegistrationViewController */ = {
			isa = PBXGroup;
			children = (
				DDAF439E12F969CA00789E7F /* StartRegistrationViewController.h */,
				DDAF439F12F969CA00789E7F /* StartRegistrationViewController.m */,
				DDAF43A012F969CA00789E7F /* StartRegistrationViewController.xib */,
			);
			name = StarRegistrationViewController;
			sourceTree = "<group>";
		};
		DDAF43B312F96DE100789E7F /* SaveTheFieldController */ = {
			isa = PBXGroup;
			children = (
				DDAF43B012F96DD800789E7F /* SaveTheFieldController.h */,
				DDAF43B112F96DD800789E7F /* SaveTheFieldController.m */,
			);
			name = SaveTheFieldController;
			sourceTree = "<group>";
		};
		DDAF446912F9713400789E7F /* ASIHTTPCall */ = {
			isa = PBXGroup;
			children = (
				DDAF444912F9712800789E7F /* Reachability.h */,
				DDAF444A12F9712800789E7F /* Reachability.m */,
				DDAF444B12F9712800789E7F /* ASIHTTPRequest.h */,
				DDAF444C12F9712800789E7F /* ASIHTTPRequest.m */,
				DDAF444D12F9712800789E7F /* ASIFormDataRequest.h */,
				DDAF444E12F9712800789E7F /* ASIFormDataRequest.m */,
				DDAF444F12F9712800789E7F /* ASIHTTPRequestConfig.h */,
				DDAF445012F9712800789E7F /* ASICacheDelegate.h */,
				DDAF445112F9712800789E7F /* ASIHTTPRequestDelegate.h */,
				DDAF445212F9712800789E7F /* ASIProgressDelegate.h */,
				DDAF445312F9712800789E7F /* ASIAuthenticationDialog.h */,
				DDAF445412F9712800789E7F /* ASIAuthenticationDialog.m */,
				DDAF445512F9712800789E7F /* ASIInputStream.h */,
				DDAF445612F9712800789E7F /* ASIInputStream.m */,
				DDAF445712F9712800789E7F /* ASINetworkQueue.h */,
				DDAF445812F9712800789E7F /* ASINetworkQueue.m */,
				DDAF445912F9712800789E7F /* ASIDownloadCache.h */,
				DDAF445A12F9712800789E7F /* ASIDownloadCache.m */,
				DDAF445B12F9712800789E7F /* ASIDataDecompressor.h */,
				DDAF445C12F9712800789E7F /* ASIDataDecompressor.m */,
				DDAF445D12F9712800789E7F /* ASIDataCompressor.h */,
				DDAF445E12F9712800789E7F /* ASIDataCompressor.m */,
			);
			name = ASIHTTPCall;
			sourceTree = "<group>";
		};
		DDAF446D12F971B900789E7F /* Global */ = {
			isa = PBXGroup;
			children = (
				DDAF446A12F971B500789E7F /* Global.h */,
			);
			name = Global;
			sourceTree = "<group>";
		};
		DDAF458012F9866400789E7F /* Extensions */ = {
			isa = PBXGroup;
			children = (
				DDAF458112F9866400789E7F /* CDataScanner_Extensions.h */,
				DDAF458212F9866400789E7F /* CDataScanner_Extensions.m */,
				DDAF458312F9866400789E7F /* NSDictionary_JSONExtensions.h */,
				DDAF458412F9866400789E7F /* NSDictionary_JSONExtensions.m */,
			);
			path = Extensions;
			sourceTree = "<group>";
		};
		DDAF458512F9866400789E7F /* Experimental */ = {
			isa = PBXGroup;
			children = (
				DDAF458612F9866400789E7F /* CFilteringJSONSerializer.h */,
				DDAF458712F9866400789E7F /* CFilteringJSONSerializer.m */,
				DDAF458812F9866400789E7F /* CJSONDeserializer_BlocksExtensions.h */,
				DDAF458912F9866400789E7F /* CJSONDeserializer_BlocksExtensions.m */,
				DDAF458A12F9866400789E7F /* CJSONSerializedData.h */,
				DDAF458B12F9866400789E7F /* CJSONSerializedData.m */,
			);
			path = Experimental;
			sourceTree = "<group>";
		};
		DDAF458C12F9866400789E7F /* JSON */ = {
			isa = PBXGroup;
			children = (
				DDAF458D12F9866400789E7F /* CJSONDeserializer.h */,
				DDAF458E12F9866400789E7F /* CJSONDeserializer.m */,
				DDAF458F12F9866400789E7F /* CJSONScanner.h */,
				DDAF459012F9866400789E7F /* CJSONScanner.m */,
				DDAF459112F9866400789E7F /* CJSONSerializer.h */,
				DDAF459212F9866400789E7F /* CJSONSerializer.m */,
				DDAF459312F9866400789E7F /* JSONRepresentation.h */,
			);
			path = JSON;
			sourceTree = "<group>";
		};
		DDAF459F12F9866C00789E7F /* CDdatatScanner */ = {
			isa = PBXGroup;
			children = (
				DDAF457E12F9866400789E7F /* CDataScanner.m */,
				DDAF457F12F9866400789E7F /* CDataScanner.h */,
			);
			name = CDdatatScanner;
			sourceTree = "<group>";
		};
		DDAF45F212F98D7D00789E7F /* SigninListViewController */ = {
			isa = PBXGroup;
			children = (
				DDAF45ED12F98D7900789E7F /* SigningListViewController.h */,
				DDAF45EE12F98D7900789E7F /* SigningListViewController.m */,
				DDAF45EF12F98D7900789E7F /* SigningListViewController.xib */,
			);
			name = SigninListViewController;
			sourceTree = "<group>";
		};
		DDBBEBF11300110E006D7629 /* SharedInstance */ = {
			isa = PBXGroup;
			children = (
				DDBBEBF21300110E006D7629 /* SharedInstance.h */,
				DDBBEBF31300110E006D7629 /* SharedInstance.m */,
			);
			name = SharedInstance;
			sourceTree = "<group>";
		};
		DDBBEC1C13001D1F006D7629 /* AdvertisementViewController */ = {
			isa = PBXGroup;
			children = (
				DDBBEC1713001D1C006D7629 /* AdverismentViewController.h */,
				DDBBEC1813001D1C006D7629 /* AdverismentViewController.m */,
				DDBBEC1913001D1C006D7629 /* AdverismentViewController.xib */,
			);
			name = AdvertisementViewController;
			sourceTree = "<group>";
		};
		DDE5E17912FAD1B400FE00C5 /* MBProgressHUD */ = {
			isa = PBXGroup;
			children = (
				DDE5E17612FAD1AE00FE00C5 /* MBProgressHUD.h */,
				DDE5E17712FAD1AE00FE00C5 /* MBProgressHUD.m */,
			);
			name = MBProgressHUD;
			sourceTree = "<group>";
		};
/* End PBXGroup section */

/* Begin PBXNativeTarget section */
		1D6058900D05DD3D006BFB54 /* ProjectBluePrint */ = {
			isa = PBXNativeTarget;
			buildConfigurationList = 1D6058960D05DD3E006BFB54 /* Build configuration list for PBXNativeTarget "ProjectBluePrint" */;
			buildPhases = (
				1D60588D0D05DD3D006BFB54 /* Resources */,
				1D60588E0D05DD3D006BFB54 /* Sources */,
				1D60588F0D05DD3D006BFB54 /* Frameworks */,
			);
			buildRules = (
			);
			dependencies = (
			);
			name = ProjectBluePrint;
			productName = ProjectBluePrint;
			productReference = 1D6058910D05DD3D006BFB54 /* ProjectBluePrint.app */;
			productType = "com.apple.product-type.application";
		};
/* End PBXNativeTarget section */

/* Begin PBXProject section */
		29B97313FDCFA39411CA2CEA /* Project object */ = {
			isa = PBXProject;
			buildConfigurationList = C01FCF4E08A954540054247B /* Build configuration list for PBXProject "ProjectBluePrint" */;
			compatibilityVersion = "Xcode 3.1";
			developmentRegion = English;
			hasScannedForEncodings = 1;
			knownRegions = (
				English,
				Japanese,
				French,
				German,
			);
			mainGroup = 29B97314FDCFA39411CA2CEA /* CustomTemplate */;
			projectDirPath = "";
			projectRoot = "";
			targets = (
				1D6058900D05DD3D006BFB54 /* ProjectBluePrint */,
			);
		};
/* End PBXProject section */

/* Begin PBXResourcesBuildPhase section */
		1D60588D0D05DD3D006BFB54 /* Resources */ = {
			isa = PBXResourcesBuildPhase;
			buildActionMask = 2147483647;
			files = (
				28AD733F0D9D9553002E5188 /* MainWindow.xib in Resources */,
				DDA0CE6812F2BB4E00F61311 /* LoginViewController.xib in Resources */,
				DDA0CE9212F2C08D00F61311 /* icon.png in Resources */,
				DDA0CEA012F2C0E300F61311 /* SplashScreen.xib in Resources */,
				DDA0CEA812F2C12A00F61311 /* Default.png in Resources */,
				DDA0CEFB12F2D5D000F61311 /* logo.png in Resources */,
				DDAF43A212F969CA00789E7F /* StartRegistrationViewController.xib in Resources */,
				DDAF45F112F98D7900789E7F /* SigningListViewController.xib in Resources */,
				DDBBEC1B13001D1C006D7629 /* AdverismentViewController.xib in Resources */,
			);
			runOnlyForDeploymentPostprocessing = 0;
		};
/* End PBXResourcesBuildPhase section */

/* Begin PBXSourcesBuildPhase section */
		1D60588E0D05DD3D006BFB54 /* Sources */ = {
			isa = PBXSourcesBuildPhase;
			buildActionMask = 2147483647;
			files = (
				1D60589B0D05DD56006BFB54 /* main.m in Sources */,
				1D3623260D0F684500981E51 /* ProjectBluePointAppDelegate.m in Sources */,
				DDA0CE6712F2BB4E00F61311 /* LoginViewController.m in Sources */,
				DDA0CE9F12F2C0E300F61311 /* SplashScreen.m in Sources */,
				DDAF43A112F969CA00789E7F /* StartRegistrationViewController.m in Sources */,
				DDAF43B212F96DD800789E7F /* SaveTheFieldController.m in Sources */,
				DDAF445F12F9712800789E7F /* Reachability.m in Sources */,
				DDAF446012F9712800789E7F /* ASIHTTPRequest.m in Sources */,
				DDAF446112F9712800789E7F /* ASIFormDataRequest.m in Sources */,
				DDAF446212F9712800789E7F /* ASIAuthenticationDialog.m in Sources */,
				DDAF446312F9712800789E7F /* ASIInputStream.m in Sources */,
				DDAF446412F9712800789E7F /* ASINetworkQueue.m in Sources */,
				DDAF446512F9712800789E7F /* ASIDownloadCache.m in Sources */,
				DDAF446612F9712800789E7F /* ASIDataDecompressor.m in Sources */,
				DDAF446712F9712800789E7F /* ASIDataCompressor.m in Sources */,
				DDAF459412F9866400789E7F /* CDataScanner.m in Sources */,
				DDAF459512F9866400789E7F /* CDataScanner_Extensions.m in Sources */,
				DDAF459612F9866400789E7F /* NSDictionary_JSONExtensions.m in Sources */,
				DDAF459712F9866400789E7F /* CFilteringJSONSerializer.m in Sources */,
				DDAF459812F9866400789E7F /* CJSONDeserializer_BlocksExtensions.m in Sources */,
				DDAF459912F9866400789E7F /* CJSONSerializedData.m in Sources */,
				DDAF459A12F9866400789E7F /* CJSONDeserializer.m in Sources */,
				DDAF459B12F9866400789E7F /* CJSONScanner.m in Sources */,
				DDAF459C12F9866400789E7F /* CJSONSerializer.m in Sources */,
				DDAF45F012F98D7900789E7F /* SigningListViewController.m in Sources */,
				DDE5E17812FAD1AE00FE00C5 /* MBProgressHUD.m in Sources */,
				DDBBEBF41300110E006D7629 /* SharedInstance.m in Sources */,
				DDBBEC1A13001D1C006D7629 /* AdverismentViewController.m in Sources */,
			);
			runOnlyForDeploymentPostprocessing = 0;
		};
/* End PBXSourcesBuildPhase section */

/* Begin XCBuildConfiguration section */
		1D6058940D05DD3E006BFB54 /* Debug */ = {
			isa = XCBuildConfiguration;
			buildSettings = {
				ALWAYS_SEARCH_USER_PATHS = NO;
				COPY_PHASE_STRIP = NO;
				GCC_DYNAMIC_NO_PIC = NO;
				GCC_OPTIMIZATION_LEVEL = 0;
				GCC_PRECOMPILE_PREFIX_HEADER = YES;
				GCC_PREFIX_HEADER = ProjectBluePrint_Prefix.pch;
				INFOPLIST_FILE = "ProjectBluePrint-Info.plist";
				PRODUCT_NAME = ProjectBluePrint;
			};
			name = Debug;
		};
		1D6058950D05DD3E006BFB54 /* Release */ = {
			isa = XCBuildConfiguration;
			buildSettings = {
				ALWAYS_SEARCH_USER_PATHS = NO;
				COPY_PHASE_STRIP = YES;
				GCC_PRECOMPILE_PREFIX_HEADER = YES;
				GCC_PREFIX_HEADER = ProjectBluePrint_Prefix.pch;
				INFOPLIST_FILE = "ProjectBluePrint-Info.plist";
				PRODUCT_NAME = ProjectBluePrint;
				VALIDATE_PRODUCT = YES;
			};
			name = Release;
		};
		C01FCF4F08A954540054247B /* Debug */ = {
			isa = XCBuildConfiguration;
			buildSettings = {
				ARCHS = "$(ARCHS_UNIVERSAL_IPHONE_OS)";
				"CODE_SIGN_IDENTITY[sdk=iphoneos*]" = "iPhone Developer";
				GCC_C_LANGUAGE_STANDARD = c99;
				GCC_WARN_ABOUT_RETURN_TYPE = YES;
				GCC_WARN_UNUSED_VARIABLE = YES;
				PREBINDING = NO;
				SDKROOT = iphoneos;
				TARGETED_DEVICE_FAMILY = 2;
			};
			name = Debug;
		};
		C01FCF5008A954540054247B /* Release */ = {
			isa = XCBuildConfiguration;
			buildSettings = {
				ARCHS = "$(ARCHS_UNIVERSAL_IPHONE_OS)";
				"CODE_SIGN_IDENTITY[sdk=iphoneos*]" = "iPhone Developer";
				GCC_C_LANGUAGE_STANDARD = c99;
				GCC_WARN_ABOUT_RETURN_TYPE = YES;
				GCC_WARN_UNUSED_VARIABLE = YES;
				OTHER_CFLAGS = "-DNS_BLOCK_ASSERTIONS=1";
				PREBINDING = NO;
				SDKROOT = iphoneos;
				TARGETED_DEVICE_FAMILY = 2;
			};
			name = Release;
		};
/* End XCBuildConfiguration section */

/* Begin XCConfigurationList section */
		1D6058960D05DD3E006BFB54 /* Build configuration list for PBXNativeTarget "ProjectBluePrint" */ = {
			isa = XCConfigurationList;
			buildConfigurations = (
				1D6058940D05DD3E006BFB54 /* Debug */,
				1D6058950D05DD3E006BFB54 /* Release */,
			);
			defaultConfigurationIsVisible = 0;
			defaultConfigurationName = Release;
		};
		C01FCF4E08A954540054247B /* Build configuration list for PBXProject "ProjectBluePrint" */ = {
			isa = XCConfigurationList;
			buildConfigurations = (
				C01FCF4F08A954540054247B /* Debug */,
				C01FCF5008A954540054247B /* Release */,
			);
			defaultConfigurationIsVisible = 0;
			defaultConfigurationName = Release;
		};
/* End XCConfigurationList section */
	};
	rootObject = 29B97313FDCFA39411CA2CEA /* Project object */;
}
